
Microsoft Visual Studio Solution File, Format Version 12.00
# Visual Studio Version 17
VisualStudioVersion = 17.4.33205.214
MinimumVisualStudioVersion = 10.0.40219.1
Project("{FAE04EC0-301F-11D3-BF4B-00C04F79EFBC}") = "TaxiMalinWebApp", "TaxiMalinWebApp\TaxiMalinWebApp.csproj", "{66992AE1-EB16-442E-9EB7-7F03D992C721}"
EndProject
Project("{FAE04EC0-301F-11D3-BF4B-00C04F79EFBC}") = "EmailService", "EmailService\EmailService.csproj", "{14C17CB7-8359-4DB5-A36D-F209D2C19A5A}"
EndProject
Global
	GlobalSection(SolutionConfigurationPlatforms) = preSolution
		Debug|Any CPU = Debug|Any CPU
		Release|Any CPU = Release|Any CPU
	EndGlobalSection
	GlobalSection(ProjectConfigurationPlatforms) = postSolution
		{66992AE1-EB16-442E-9EB7-7F03D992C721}.Debug|Any CPU.ActiveCfg = Debug|Any CPU
		{66992AE1-EB16-442E-9EB7-7F03D992C721}.Debug|Any CPU.Build.0 = Debug|Any CPU
		{66992AE1-EB16-442E-9EB7-7F03D992C721}.Release|Any CPU.ActiveCfg = Release|Any CPU
		{66992AE1-EB16-442E-9EB7-7F03D992C721}.Release|Any CPU.Build.0 = Release|Any CPU
		{14C17CB7-8359-4DB5-A36D-F209D2C19A5A}.Debug|Any CPU.ActiveCfg = Debug|Any CPU
		{14C17CB7-8359-4DB5-A36D-F209D2C19A5A}.Debug|Any CPU.Build.0 = Debug|Any CPU
		{14C17CB7-8359-4DB5-A36D-F209D2C19A5A}.Release|Any CPU.ActiveCfg = Release|Any CPU
		{14C17CB7-8359-4DB5-A36D-F209D2C19A5A}.Release|Any CPU.Build.0 = Release|Any CPU
	EndGlobalSection
	GlobalSection(SolutionProperties) = preSolution
		HideSolutionNode = FALSE
	EndGlobalSection
	GlobalSection(ExtensibilityGlobals) = postSolution
		SolutionGuid = {990AA235-A799-4142-BB51-8836599B7A17}
	EndGlobalSection
EndGlobal
